<?xml version="1.0" encoding="utf-8"?>
<Project xmlns="http://schemas.microsoft.com/developer/msbuild/2003">
  <ItemGroup>
    <Filter Include="Generated Files">
      <UniqueIdentifier>{71ED8ED8-ACB9-4CE9-BBE1-E00B30144E11}</UniqueIdentifier>
      <Extensions>cpp;c;cxx;moc;h;def;odl;idl;res;</Extensions>
    </Filter>
    <Filter Include="Generated Files">
      <UniqueIdentifier>{71ED8ED8-ACB9-4CE9-BBE1-E00B30144E11}</UniqueIdentifier>
      <Extensions>cpp;c;cxx;moc;h;def;odl;idl;res;</Extensions>
    </Filter>
    <Filter Include="Header Files">
      <UniqueIdentifier>{93995380-89BD-4b04-88EB-625FBE52EBFB}</UniqueIdentifier>
      <Extensions>h;hpp;hxx;hm;inl;inc;xsd</Extensions>
    </Filter>
    <Filter Include="Header Files">
      <UniqueIdentifier>{93995380-89BD-4b04-88EB-625FBE52EBFB}</UniqueIdentifier>
      <Extensions>h;hpp;hxx;hm;inl;inc;xsd</Extensions>
    </Filter>
    <Filter Include="Source Files">
      <UniqueIdentifier>{4FC737F1-C7A5-4376-A066-2A32D752A2FF}</UniqueIdentifier>
      <Extensions>cpp;c;cxx;def;odl;idl;hpj;bat;asm;asmx</Extensions>
    </Filter>
    <Filter Include="Source Files">
      <UniqueIdentifier>{4FC737F1-C7A5-4376-A066-2A32D752A2FF}</UniqueIdentifier>
      <Extensions>cpp;c;cxx;def;odl;idl;hpj;bat;asm;asmx</Extensions>
    </Filter>
  </ItemGroup>
  <ItemGroup>
    <ClCompile Include="src\CentralDatabaseClass.cpp">
      <Filter>Source Files</Filter>
    </ClCompile>
    <ClCompile Include="src\IMySQLService.cpp">
      <Filter>Source Files</Filter>
    </ClCompile>
    <ClCompile Include="src\MySQLConnector.cpp">
      <Filter>Source Files</Filter>
    </ClCompile>
    <ClCompile Include="src\TaskManagerService.cpp">
      <Filter>Source Files</Filter>
    </ClCompile>
    <ClCompile Include="src\User.cpp">
      <Filter>Source Files</Filter>
    </ClCompile>
    <ClCompile Include="src\UserService.cpp">
      <Filter>Source Files</Filter>
    </ClCompile>
    <ClCompile Include="src\main.cpp">
      <Filter>Source Files</Filter>
    </ClCompile>
    <ClCompile Include="src\MainWindow.cpp">
      <Filter>Source Files</Filter>
    </ClCompile>
    <ClCompile Include="src\SidePanel.cpp">
      <Filter>Source Files</Filter>
    </ClCompile>
    <ClCompile Include="src\Auth_Window.cpp">
      <Filter>Source Files</Filter>
    </ClCompile>
    <ClCompile Include="src\Reg_Window.cpp">
      <Filter>Source Files</Filter>
    </ClCompile>
    <ClCompile Include="src\ApplicationController.cpp">
      <Filter>Source Files</Filter>
    </ClCompile>
    <ClCompile Include="src\Settings_W.cpp">
      <Filter>Source Files</Filter>
    </ClCompile>
    <ClCompile Include="src\My_Task_W.cpp">
      <Filter>Source Files</Filter>
    </ClCompile>
    <ClCompile Include="src\Dashboard_W.cpp">
      <Filter>Source Files</Filter>
    </ClCompile>
    <ClCompile Include="src\Top_Bar_W.cpp">
      <Filter>Source Files</Filter>
    </ClCompile>
  </ItemGroup>
  <ItemGroup>
    <ClInclude Include="src\headers\CentralDatabaseClass.h">
      <Filter>Header Files</Filter>
    </ClInclude>
    <ClInclude Include="src\headers\IMySQLService.h">
      <Filter>Header Files</Filter>
    </ClInclude>
    <ClInclude Include="src\headers\MySQLConnector.h">
      <Filter>Header Files</Filter>
    </ClInclude>
    <ClInclude Include="src\headers\TaskManagerService.h">
      <Filter>Header Files</Filter>
    </ClInclude>
    <ClInclude Include="src\headers\User.h">
      <Filter>Header Files</Filter>
    </ClInclude>
    <ClInclude Include="src\headers\UserService.h">
      <Filter>Header Files</Filter>
    </ClInclude>
  </ItemGroup>
  <ItemGroup>
    <CustomBuild Include="debug\moc_predefs.h.cbt">
      <Filter>Generated Files</Filter>
    </CustomBuild>
    <CustomBuild Include="release\moc_predefs.h.cbt">
      <Filter>Generated Files</Filter>
    </CustomBuild>
  </ItemGroup>
  <ItemGroup>
    <QtMoc Include="src\headers\MainWindow.h">
      <Filter>Header Files</Filter>
    </QtMoc>
    <QtMoc Include="src\headers\SidePanel.h">
      <Filter>Header Files</Filter>
    </QtMoc>
    <QtMoc Include="src\headers\Auth_Window.h">
      <Filter>Header Files</Filter>
    </QtMoc>
    <QtMoc Include="src\headers\Reg_Window.h">
      <Filter>Header Files</Filter>
    </QtMoc>
    <QtMoc Include="src\headers\ApplicationController.h">
      <Filter>Header Files</Filter>
    </QtMoc>
    <QtMoc Include="src\headers\My_Task_W.h">
      <Filter>Header Files</Filter>
    </QtMoc>
    <QtMoc Include="src\headers\Settings_W.h">
      <Filter>Header Files</Filter>
    </QtMoc>
    <QtMoc Include="src\headers\Dashboard_W.h">
      <Filter>Header Files</Filter>
    </QtMoc>
    <QtMoc Include="src\headers\Top_Bar_W.h">
      <Filter>Header Files</Filter>
    </QtMoc>
  </ItemGroup>
  <ItemGroup>
    <QtRcc Include="resources.qrc" />
  </ItemGroup>
</Project>