<?xml version="1.0" encoding="utf-8"?>
<Project xmlns="http://schemas.microsoft.com/developer/msbuild/2003">
  <ItemGroup>
    <Filter Include="Generated Files">
      <UniqueIdentifier>{71ED8ED8-ACB9-4CE9-BBE1-E00B30144E11}</UniqueIdentifier>
      <Extensions>cpp;c;cxx;moc;h;def;odl;idl;res;</Extensions>
    </Filter>
    <Filter Include="Generated Files">
      <UniqueIdentifier>{71ED8ED8-ACB9-4CE9-BBE1-E00B30144E11}</UniqueIdentifier>
      <Extensions>cpp;c;cxx;moc;h;def;odl;idl;res;</Extensions>
    </Filter>
    <Filter Include="Header Files">
      <UniqueIdentifier>{93995380-89BD-4b04-88EB-625FBE52EBFB}</UniqueIdentifier>
      <Extensions>h;hpp;hxx;hm;inl;inc;xsd</Extensions>
    </Filter>
    <Filter Include="Header Files">
      <UniqueIdentifier>{93995380-89BD-4b04-88EB-625FBE52EBFB}</UniqueIdentifier>
      <Extensions>h;hpp;hxx;hm;inl;inc;xsd</Extensions>
    </Filter>
    <Filter Include="Source Files">
      <UniqueIdentifier>{4FC737F1-C7A5-4376-A066-2A32D752A2FF}</UniqueIdentifier>
      <Extensions>cpp;c;cxx;def;odl;idl;hpj;bat;asm;asmx</Extensions>
    </Filter>
    <Filter Include="Source Files">
      <UniqueIdentifier>{4FC737F1-C7A5-4376-A066-2A32D752A2FF}</UniqueIdentifier>
      <Extensions>cpp;c;cxx;def;odl;idl;hpj;bat;asm;asmx</Extensions>
    </Filter>
  </ItemGroup>
  <ItemGroup>
    <ClCompile Include="src\CentralDatabaseClass.cpp">
      <Filter>Source Files</Filter>
    </ClCompile>
    <ClCompile Include="src\IMySQLService.cpp">
      <Filter>Source Files</Filter>
    </ClCompile>
    <ClCompile Include="src\MySQLConnector.cpp">
      <Filter>Source Files</Filter>
    </ClCompile>
    <ClCompile Include="src\TaskManagerService.cpp">
      <Filter>Source Files</Filter>
    </ClCompile>
    <ClCompile Include="src\User.cpp">
      <Filter>Source Files</Filter>
    </ClCompile>
    <ClCompile Include="src\main.cpp">
      <Filter>Source Files</Filter>
    </ClCompile>
    <ClCompile Include="src\MainWindow.cpp">
      <Filter>Source Files</Filter>
    </ClCompile>
    <ClCompile Include="src\SidePanel.cpp">
      <Filter>Source Files</Filter>
    </ClCompile>
    <ClCompile Include="src\AuthWindow.cpp">
      <Filter>Source Files</Filter>
    </ClCompile>
    <ClCompile Include="src\RegWindow.cpp">
      <Filter>Source Files</Filter>
    </ClCompile>
    <ClCompile Include="src\ApplicationController.cpp">
      <Filter>Source Files</Filter>
    </ClCompile>
    <ClCompile Include="src\SettingsW.cpp">
      <Filter>Source Files</Filter>
    </ClCompile>
    <ClCompile Include="src\MyTaskW.cpp">
      <Filter>Source Files</Filter>
    </ClCompile>
    <ClCompile Include="src\DashboardW.cpp">
      <Filter>Source Files</Filter>
    </ClCompile>
    <ClCompile Include="src\TopBarW.cpp">
      <Filter>Source Files</Filter>
    </ClCompile>
    <ClCompile Include="src\AddTaskW.cpp">
      <Filter>Source Files</Filter>
    </ClCompile>
    <ClCompile Include="src\Task.cpp">
      <Filter>Source Files</Filter>
    </ClCompile>
    <ClCompile Include="src\AddCategoryW.cpp">
      <Filter>Source Files</Filter>
    </ClCompile>
    <ClCompile Include="src\EditTaskW.cpp">
      <Filter>Source Files</Filter>
    </ClCompile>
    <ClCompile Include="src\EditCategoryW.cpp">
      <Filter>Source Files</Filter>
    </ClCompile>
  </ItemGroup>
  <ItemGroup>
    <ClInclude Include="src\headers\CentralDatabaseClass.h">
      <Filter>Header Files</Filter>
    </ClInclude>
    <ClInclude Include="src\headers\IMySQLService.h">
      <Filter>Header Files</Filter>
    </ClInclude>
    <ClInclude Include="src\headers\MySQLConnector.h">
      <Filter>Header Files</Filter>
    </ClInclude>
    <ClInclude Include="src\headers\TaskManagerService.h">
      <Filter>Header Files</Filter>
    </ClInclude>
    <ClInclude Include="src\headers\User.h">
      <Filter>Header Files</Filter>
    </ClInclude>
    <ClInclude Include="src\headers\EnumTypes.h">
      <Filter>Header Files</Filter>
    </ClInclude>
    <ClInclude Include="src\headers\Task.h">
      <Filter>Header Files</Filter>
    </ClInclude>
    <ClInclude Include="src\headers\IdCacheService.h">
      <Filter>Header Files</Filter>
    </ClInclude>
  </ItemGroup>
  <ItemGroup>
    <CustomBuild Include="debug\moc_predefs.h.cbt">
      <Filter>Generated Files</Filter>
    </CustomBuild>
    <CustomBuild Include="release\moc_predefs.h.cbt">
      <Filter>Generated Files</Filter>
    </CustomBuild>
  </ItemGroup>
  <ItemGroup>
    <QtMoc Include="src\headers\MainWindow.h">
      <Filter>Header Files</Filter>
    </QtMoc>
    <QtMoc Include="src\headers\SidePanel.h">
      <Filter>Header Files</Filter>
    </QtMoc>
    <QtMoc Include="src\headers\AuthWindow.h">
      <Filter>Header Files</Filter>
    </QtMoc>
    <QtMoc Include="src\headers\RegWindow.h">
      <Filter>Header Files</Filter>
    </QtMoc>
    <QtMoc Include="src\headers\ApplicationController.h">
      <Filter>Header Files</Filter>
    </QtMoc>
    <QtMoc Include="src\headers\MyTaskW.h">
      <Filter>Header Files</Filter>
    </QtMoc>
    <QtMoc Include="src\headers\SettingsW.h">
      <Filter>Header Files</Filter>
    </QtMoc>
    <QtMoc Include="src\headers\DashboardW.h">
      <Filter>Header Files</Filter>
    </QtMoc>
    <QtMoc Include="src\headers\TopBarW.h">
      <Filter>Header Files</Filter>
    </QtMoc>
    <QtMoc Include="src\headers\AddTaskW.h">
      <Filter>Header Files</Filter>
    </QtMoc>
    <QtMoc Include="src\headers\AddCategoryW.h">
      <Filter>Header Files</Filter>
    </QtMoc>
    <QtMoc Include="src\headers\EditTaskW.h">
      <Filter>Header Files</Filter>
    </QtMoc>
    <QtMoc Include="src\headers\EditCategoryW.h">
      <Filter>Header Files</Filter>
    </QtMoc>
  </ItemGroup>
  <ItemGroup>
    <QtRcc Include="resources.qrc" />
  </ItemGroup>
</Project>